[[package]]
name = "appdirs"
version = "1.4.4"
description = "A small Python module for determining appropriate platform-specific dirs, e.g. a \"user data dir\"."
category = "main"
optional = false
python-versions = "*"

[[package]]
name = "attrs"
version = "21.4.0"
description = "Classes Without Boilerplate"
category = "dev"
optional = false
python-versions = ">=2.7, !=3.0.*, !=3.1.*, !=3.2.*, !=3.3.*, !=3.4.*"

[package.extras]
dev = ["coverage[toml] (>=5.0.2)", "hypothesis", "pympler", "pytest (>=4.3.0)", "six", "mypy", "pytest-mypy-plugins", "zope.interface", "furo", "sphinx", "sphinx-notfound-page", "pre-commit", "cloudpickle"]
docs = ["furo", "sphinx", "zope.interface", "sphinx-notfound-page"]
tests = ["coverage[toml] (>=5.0.2)", "hypothesis", "pympler", "pytest (>=4.3.0)", "six", "mypy", "pytest-mypy-plugins", "zope.interface", "cloudpickle"]
tests_no_zope = ["coverage[toml] (>=5.0.2)", "hypothesis", "pympler", "pytest (>=4.3.0)", "six", "mypy", "pytest-mypy-plugins", "cloudpickle"]

[[package]]
name = "black"
version = "18.9b0"
description = "The uncompromising code formatter."
category = "dev"
optional = false
python-versions = ">=3.6"

[package.dependencies]
appdirs = "*"
attrs = ">=17.4.0"
click = ">=6.5"
toml = ">=0.9.4"

[package.extras]
d = ["aiohttp (>=3.3.2)"]

[[package]]
name = "certifi"
version = "2021.10.8"
description = "Python package for providing Mozilla's CA Bundle."
category = "main"
optional = false
python-versions = "*"

[[package]]
name = "charset-normalizer"
version = "2.0.10"
description = "The Real First Universal Charset Detector. Open, modern and actively maintained alternative to Chardet."
category = "main"
optional = false
python-versions = ">=3.5.0"

[package.extras]
unicode_backport = ["unicodedata2"]

[[package]]
name = "click"
version = "7.1.2"
description = "Composable command line interface toolkit"
category = "main"
optional = false
python-versions = ">=2.7, !=3.0.*, !=3.1.*, !=3.2.*, !=3.3.*, !=3.4.*"

[[package]]
name = "colorama"
version = "0.4.4"
description = "Cross-platform colored terminal text."
category = "main"
optional = false
python-versions = ">=2.7, !=3.0.*, !=3.1.*, !=3.2.*, !=3.3.*, !=3.4.*"

[[package]]
name = "deemix"
version = "3.6.6"
description = "A barebone deezer downloader library"
category = "main"
optional = false
python-versions = ">=3.7"

[package.dependencies]
click = "*"
deezer-py = ">=1.3.0"
mutagen = "*"
pycryptodomex = "*"
requests = "*"

[package.extras]
spotify = ["spotipy (>=2.11.0)"]

[[package]]
name = "deezer-py"
version = "1.3.6"
description = "A wrapper for all Deezer's APIs"
category = "main"
optional = false
python-versions = ">=3.6"

[package.dependencies]
requests = "*"

[[package]]
name = "funcparserlib"
version = "1.0.0a0"
description = "Recursive descent parsing library based on functional combinators"
category = "main"
optional = false
python-versions = ">=2.7, !=3.0.*, !=3.1.*, !=3.2.*, !=3.3.*, !=3.4.*, !=3.5.*"

[[package]]
name = "hy"
version = "1.0a4"
description = "Lisp and Python love each other."
category = "main"
optional = false
python-versions = ">= 3.7, < 3.11"

[package.dependencies]
colorama = "*"
funcparserlib = ">=1.0.0a0"
rply = ">=0.7.7"

[[package]]
name = "hyrule"
version = "0.1"
description = "A utility library for the Hy programming language"
category = "main"
optional = false
python-versions = "*"

[package.dependencies]
hy = "1.0a4"

[[package]]
name = "idna"
version = "3.3"
description = "Internationalized Domain Names in Applications (IDNA)"
category = "main"
optional = false
python-versions = ">=3.5"

[[package]]
name = "mutagen"
version = "1.45.1"
description = "read and write audio tags for many formats"
category = "main"
optional = false
python-versions = ">=3.5, <4"

[[package]]
name = "pycryptodomex"
version = "3.12.0"
description = "Cryptographic library for Python"
category = "main"
optional = false
python-versions = ">=2.7, !=3.0.*, !=3.1.*, !=3.2.*, !=3.3.*, !=3.4.*"

[[package]]
name = "requests"
version = "2.27.1"
description = "Python HTTP for Humans."
category = "main"
optional = false
python-versions = ">=2.7, !=3.0.*, !=3.1.*, !=3.2.*, !=3.3.*, !=3.4.*, !=3.5.*"

[package.dependencies]
certifi = ">=2017.4.17"
charset-normalizer = {version = ">=2.0.0,<2.1.0", markers = "python_version >= \"3\""}
idna = {version = ">=2.5,<4", markers = "python_version >= \"3\""}
urllib3 = ">=1.21.1,<1.27"

[package.extras]
socks = ["PySocks (>=1.5.6,!=1.5.7)", "win-inet-pton"]
use_chardet_on_py3 = ["chardet (>=3.0.2,<5)"]

[[package]]
name = "rply"
version = "0.7.8"
description = "A pure Python Lex/Yacc that works with RPython"
category = "main"
optional = false
python-versions = "*"

[package.dependencies]
appdirs = "*"

[[package]]
name = "toml"
version = "0.10.2"
description = "Python Library for Tom's Obvious, Minimal Language"
category = "dev"
optional = false
python-versions = ">=2.6, !=3.0.*, !=3.1.*, !=3.2.*"

[[package]]
name = "urllib3"
version = "1.26.8"
description = "HTTP library with thread-safe connection pooling, file post, and more."
category = "main"
optional = false
python-versions = ">=2.7, !=3.0.*, !=3.1.*, !=3.2.*, !=3.3.*, !=3.4.*, <4"

[package.extras]
brotli = ["brotlipy (>=0.6.0)"]
secure = ["pyOpenSSL (>=0.14)", "cryptography (>=1.3.4)", "idna (>=2.0.0)", "certifi", "ipaddress"]
socks = ["PySocks (>=1.5.6,!=1.5.7,<2.0)"]

[[package]]
name = "youtube-dl"
version = "2021.12.17"
description = "YouTube video downloader"
category = "main"
optional = false
python-versions = "*"

[metadata]
lock-version = "1.1"
python-versions = ">=3.9,<3.11"
content-hash = "b1c11941985aed7f64450d163c79eae285298f9bdc6e673cd8c68aeea111a7c3"

[metadata.files]
appdirs = [
    {file = "appdirs-1.4.4-py2.py3-none-any.whl", hash = "sha256:a841dacd6b99318a741b166adb07e19ee71a274450e68237b4650ca1055ab128"},
    {file = "appdirs-1.4.4.tar.gz", hash = "sha256:7d5d0167b2b1ba821647616af46a749d1c653740dd0d2415100fe26e27afdf41"},
]
attrs = [
    {file = "attrs-21.4.0-py2.py3-none-any.whl", hash = "sha256:2d27e3784d7a565d36ab851fe94887c5eccd6a463168875832a1be79c82828b4"},
    {file = "attrs-21.4.0.tar.gz", hash = "sha256:626ba8234211db98e869df76230a137c4c40a12d72445c45d5f5b716f076e2fd"},
]
black = [
    {file = "black-18.9b0-py36-none-any.whl", hash = "sha256:817243426042db1d36617910df579a54f1afd659adb96fc5032fcf4b36209739"},
    {file = "black-18.9b0.tar.gz", hash = "sha256:e030a9a28f542debc08acceb273f228ac422798e5215ba2a791a6ddeaaca22a5"},
]
certifi = [
    {file = "certifi-2021.10.8-py2.py3-none-any.whl", hash = "sha256:d62a0163eb4c2344ac042ab2bdf75399a71a2d8c7d47eac2e2ee91b9d6339569"},
    {file = "certifi-2021.10.8.tar.gz", hash = "sha256:78884e7c1d4b00ce3cea67b44566851c4343c120abd683433ce934a68ea58872"},
]
charset-normalizer = [
    {file = "charset-normalizer-2.0.10.tar.gz", hash = "sha256:876d180e9d7432c5d1dfd4c5d26b72f099d503e8fcc0feb7532c9289be60fcbd"},
    {file = "charset_normalizer-2.0.10-py3-none-any.whl", hash = "sha256:cb957888737fc0bbcd78e3df769addb41fd1ff8cf950dc9e7ad7793f1bf44455"},
]
click = [
    {file = "click-7.1.2-py2.py3-none-any.whl", hash = "sha256:dacca89f4bfadd5de3d7489b7c8a566eee0d3676333fbb50030263894c38c0dc"},
    {file = "click-7.1.2.tar.gz", hash = "sha256:d2b5255c7c6349bc1bd1e59e08cd12acbbd63ce649f2588755783aa94dfb6b1a"},
]
colorama = [
    {file = "colorama-0.4.4-py2.py3-none-any.whl", hash = "sha256:9f47eda37229f68eee03b24b9748937c7dc3868f906e8ba69fbcbdd3bc5dc3e2"},
    {file = "colorama-0.4.4.tar.gz", hash = "sha256:5941b2b48a20143d2267e95b1c2a7603ce057ee39fd88e7329b0c292aa16869b"},
]
deemix = [
    {file = "deemix-3.6.6-py3-none-any.whl", hash = "sha256:2d2829f44c5bc4162aef24ce289de4f24972a798d3d3b498a96a82f15e2a83b8"},
    {file = "deemix-3.6.6.tar.gz", hash = "sha256:c446a1cc0d4f22b18f7e79ce72e5d02d5429495394164ebfd2ff5588b8160b09"},
]
deezer-py = [
    {file = "deezer-py-1.3.6.tar.gz", hash = "sha256:a3ef151f7971d69769e7393f71373eaf896bccd22167213872ae46e04e14a2d7"},
    {file = "deezer_py-1.3.6-py3-none-any.whl", hash = "sha256:e1dcb137246cfd009400657ec07d7269a491dace210a496fe73d0e18e4690206"},
]
funcparserlib = [
    {file = "funcparserlib-1.0.0a0-py2.py3-none-any.whl", hash = "sha256:a5ca025aaec28ae19956556260f5e0f28b0d851863e7982a0daf238161e33752"},
    {file = "funcparserlib-1.0.0a0.tar.gz", hash = "sha256:e6fb432a9276078eee71813a59089fd8c4f3e81f183b4ce8b8b4734d0b2faa2a"},
]
hy = [
    {file = "hy-1.0a4-py3-none-any.whl", hash = "sha256:bc484395b1bf7c900d8239e977ac5bcd377101bf04cb3dabc37fe1737d8ad908"},
    {file = "hy-1.0a4.tar.gz", hash = "sha256:f514e45f1b71127f88ed0f233675698326b85a3bb204a3f9d9afab559bf3efb9"},
]
hyrule = [
    {file = "hyrule-0.1-py3-none-any.whl", hash = "sha256:9626be102a47ddb1cb61c2464560063f094541c7990d82e15ca312dd41385703"},
    {file = "hyrule-0.1.tar.gz", hash = "sha256:be7e09f285ef74a18f56a1686a87c7281df85e8a8113eceb0b575cdea40e7cd1"},
]
idna = [
    {file = "idna-3.3-py3-none-any.whl", hash = "sha256:84d9dd047ffa80596e0f246e2eab0b391788b0503584e8945f2368256d2735ff"},
    {file = "idna-3.3.tar.gz", hash = "sha256:9d643ff0a55b762d5cdb124b8eaa99c66322e2157b69160bc32796e824360e6d"},
]
mutagen = [
    {file = "mutagen-1.45.1-py3-none-any.whl", hash = "sha256:9c9f243fcec7f410f138cb12c21c84c64fde4195481a30c9bfb05b5f003adfed"},
    {file = "mutagen-1.45.1.tar.gz", hash = "sha256:6397602efb3c2d7baebd2166ed85731ae1c1d475abca22090b7141ff5034b3e1"},
]
pycryptodomex = [
    {file = "pycryptodomex-3.12.0-cp27-cp27m-macosx_10_9_x86_64.whl", hash = "sha256:1bd9d158afa33dca04748b23e7b9d4055f8c8015ace2e972a866519af02d5eed"},
    {file = "pycryptodomex-3.12.0-cp27-cp27m-manylinux1_i686.whl", hash = "sha256:3bfa2936f8391bfaa17ed6a5c726e33acad56d7b47b8bf824b1908b16b140025"},
    {file = "pycryptodomex-3.12.0-cp27-cp27m-manylinux1_x86_64.whl", hash = "sha256:0981e8071d2ee457d842821438f833e362eed9a25a445d54ad7610b24293118f"},
    {file = "pycryptodomex-3.12.0-cp27-cp27m-manylinux2010_i686.whl", hash = "sha256:2595b7be43b8b2da953ea3506a8d71c07fc9b479d5c118b0c44a5eca2a1664f6"},
    {file = "pycryptodomex-3.12.0-cp27-cp27m-manylinux2010_x86_64.whl", hash = "sha256:b5ddaee74e1f06af9c0765a147904dddacf4ca9707f8f079e14e2b14b4f5a544"},
    {file = "pycryptodomex-3.12.0-cp27-cp27m-manylinux2014_aarch64.whl", hash = "sha256:33c06d6819a0204fac675d100f92aa472c704cd774a47171a5949c75c1040ed6"},
    {file = "pycryptodomex-3.12.0-cp27-cp27m-win32.whl", hash = "sha256:9c037aaf6affc8f7c4f6f9f6279aa57dd526734246fb5221a0fff3124f57e0b1"},
    {file = "pycryptodomex-3.12.0-cp27-cp27m-win_amd64.whl", hash = "sha256:79ad48096ceb5c714fbc4dc82e3e6b37f095f627b1fef90d94d85e19a19d6611"},
    {file = "pycryptodomex-3.12.0-cp27-cp27mu-manylinux1_i686.whl", hash = "sha256:4361881388817f89aa819a553e987200a6eb664df995632b063997dd373a7cee"},
    {file = "pycryptodomex-3.12.0-cp27-cp27mu-manylinux1_x86_64.whl", hash = "sha256:b1a6f17c4ad896ed628663b021cd797b098c7e9537fd259958f6ffb3b8921081"},
    {file = "pycryptodomex-3.12.0-cp27-cp27mu-manylinux2010_i686.whl", hash = "sha256:83379f1fd7b99c4993f5e905f2a6ddb9003996655151ea3c2ee77332ad009d08"},
    {file = "pycryptodomex-3.12.0-cp27-cp27mu-manylinux2010_x86_64.whl", hash = "sha256:4cbaea8ab8bfa283e6219af39624d921f72f8174765a35416aab4d4b4dec370e"},
    {file = "pycryptodomex-3.12.0-cp27-cp27mu-manylinux2014_aarch64.whl", hash = "sha256:ea8e83bf4731a2369350d7771a1f2ef8d72ad3da70a37d86b1374be8c675abd0"},
    {file = "pycryptodomex-3.12.0-cp35-abi3-macosx_10_9_x86_64.whl", hash = "sha256:d55374ebc36de7a3217f2e2318886f0801dd5e486e21aba1fc4ca08e3b6637d7"},
    {file = "pycryptodomex-3.12.0-cp35-abi3-manylinux1_i686.whl", hash = "sha256:097095a7c24b9e7eec865417f620f78adf218162c03b68e4fde194bf87801a67"},
    {file = "pycryptodomex-3.12.0-cp35-abi3-manylinux1_x86_64.whl", hash = "sha256:ddac6a092b97aa11d2a21aec33e941b4453ef774da3d98f2b7c1e01da05e6d5e"},
    {file = "pycryptodomex-3.12.0-cp35-abi3-manylinux2010_i686.whl", hash = "sha256:a896b41c518269c1cceb582e298a868e6c74bb3cbfd362865ea686c78aebe91d"},
    {file = "pycryptodomex-3.12.0-cp35-abi3-manylinux2010_x86_64.whl", hash = "sha256:5b0fd9fc81d43cd54dc8e4b2df8730ffd1e34f1f0679920deae16f6487aa1414"},
    {file = "pycryptodomex-3.12.0-cp35-abi3-manylinux2014_aarch64.whl", hash = "sha256:88dc997e3e9199a0d67b547fba36c6d1c54fca7d83c4bfe0d3f34f55a4717a2c"},
    {file = "pycryptodomex-3.12.0-cp35-abi3-win32.whl", hash = "sha256:2d173a5db4e306cd32558b1a3ceb45bd2ebeb6596525fd5945963798b3851e3d"},
    {file = "pycryptodomex-3.12.0-cp35-abi3-win_amd64.whl", hash = "sha256:676d9f4286f490612fa35ca8fe4b1fced8ff18e653abc1dda34fbf166129d6c2"},
    {file = "pycryptodomex-3.12.0-pp27-pypy_73-macosx_10_9_x86_64.whl", hash = "sha256:de9832ac3c51484fe1757ca4303695423b16cfa54874dae9239bf41f50a2affa"},
    {file = "pycryptodomex-3.12.0-pp27-pypy_73-manylinux1_x86_64.whl", hash = "sha256:e42a82c63952ed70be3c13782c6984a519b514e6b10108a9647c7576b6c86650"},
    {file = "pycryptodomex-3.12.0-pp27-pypy_73-manylinux2010_x86_64.whl", hash = "sha256:3559da56e1045ad567e69fcc74245073fe1943b07b137bfd1073c7a540a89df7"},
    {file = "pycryptodomex-3.12.0-pp27-pypy_73-win32.whl", hash = "sha256:43af464dcac1ae53e6e14a0ae6f08373b538f3c49fb9e426423618571edfecff"},
    {file = "pycryptodomex-3.12.0-pp36-pypy36_pp73-macosx_10_9_x86_64.whl", hash = "sha256:44097663c62b3aa03b5b403b816dedafa592984e8c6857a061ade41f32a2666e"},
    {file = "pycryptodomex-3.12.0-pp36-pypy36_pp73-manylinux1_x86_64.whl", hash = "sha256:08c809e9f4be8d4f9948cf4d5ebc7431bbd9e1c0cd5ff478d0d5229f1bc4ad50"},
    {file = "pycryptodomex-3.12.0-pp36-pypy36_pp73-manylinux2010_x86_64.whl", hash = "sha256:8c5b97953130ff76500c6e8e159f2b881c737ebf00034006517b57f382d5317c"},
    {file = "pycryptodomex-3.12.0-pp36-pypy36_pp73-win32.whl", hash = "sha256:1f6c370abf11546b1c9b70062918d601ac8fb7ff113554601b43175eed7480ef"},
    {file = "pycryptodomex-3.12.0.zip", hash = "sha256:922e9dac0166e4617e5c7980d2cff6912a6eb5cb5c13e7ece222438650bd7f66"},
]
requests = [
    {file = "requests-2.27.1-py2.py3-none-any.whl", hash = "sha256:f22fa1e554c9ddfd16e6e41ac79759e17be9e492b3587efa038054674760e72d"},
    {file = "requests-2.27.1.tar.gz", hash = "sha256:68d7c56fd5a8999887728ef304a6d12edc7be74f1cfa47714fc8b414525c9a61"},
]
rply = [
    {file = "rply-0.7.8-py2.py3-none-any.whl", hash = "sha256:28ffd11d656c48aeb8c508eb382acd6a0bd906662624b34388751732a27807e7"},
    {file = "rply-0.7.8.tar.gz", hash = "sha256:2a808ac25a4580a9991fc304d64434e299a8fc75760574492f242cbb5bb301c9"},
]
toml = [
    {file = "toml-0.10.2-py2.py3-none-any.whl", hash = "sha256:806143ae5bfb6a3c6e736a764057db0e6a0e05e338b5630894a5f779cabb4f9b"},
    {file = "toml-0.10.2.tar.gz", hash = "sha256:b3bda1d108d5dd99f4a20d24d9c348e91c4db7ab1b749200bded2f839ccbe68f"},
]
urllib3 = [
    {file = "urllib3-1.26.8-py2.py3-none-any.whl", hash = "sha256:000ca7f471a233c2251c6c7023ee85305721bfdf18621ebff4fd17a8653427ed"},
    {file = "urllib3-1.26.8.tar.gz", hash = "sha256:0e7c33d9a63e7ddfcb86780aac87befc2fbddf46c58dbb487e0855f7ceec283c"},
]
youtube-dl = [
    {file = "youtube_dl-2021.12.17-py2.py3-none-any.whl", hash = "sha256:f1336d5de68647e0364a47b3c0712578e59ec76f02048ff5c50ef1c69d79cd55"},
    {file = "youtube_dl-2021.12.17.tar.gz", hash = "sha256:bc59e86c5d15d887ac590454511f08ce2c47698d5a82c27bfe27b5d814bbaed2"},
]
